
Microsoft Visual Studio Solution File, Format Version 12.00
# Visual Studio Version 16
VisualStudioVersion = 16.0.31019.35
MinimumVisualStudioVersion = 15.0.26124.0
Project("{2150E333-8FDC-42A3-9474-1A3956D46DE8}") = "domain", "domain", "{64C611DC-EED6-41E4-9EA9-718242787799}"
EndProject
Project("{2150E333-8FDC-42A3-9474-1A3956D46DE8}") = "infrastructure", "infrastructure", "{4529B0C4-1C76-4A75-A42C-5060173F228F}"
EndProject
Project("{9A19103F-16F7-4668-BE54-9A1E7A4F7556}") = "Store.Memory", "infrastructure\Store.Memory\Store.Memory.csproj", "{E3FD3071-840E-4A38-A3CD-C053136B2085}"
EndProject
Project("{9A19103F-16F7-4668-BE54-9A1E7A4F7556}") = "Store", "domain\Store\Store.csproj", "{C73BF45A-A52D-421A-A09C-59661022564D}"
EndProject
Project("{2150E333-8FDC-42A3-9474-1A3956D46DE8}") = "presentation", "presentation", "{4C6F5230-7D22-4F73-8C51-26D5C4C7E887}"
EndProject
Project("{9A19103F-16F7-4668-BE54-9A1E7A4F7556}") = "Store.Web", "presentation\Store.Web\Store.Web.csproj", "{8FC30FB8-7A6C-4FD6-AC39-C3C504713EC6}"
	ProjectSection(ProjectDependencies) = postProject
		{F64F65E5-5CC5-4094-848B-CBBC1D1D2D42} = {F64F65E5-5CC5-4094-848B-CBBC1D1D2D42}
	EndProjectSection
EndProject
Project("{9A19103F-16F7-4668-BE54-9A1E7A4F7556}") = "Store.Tests", "domain\Store.Tests\Store.Tests.csproj", "{813B4CB6-74D5-4BB6-A687-DC925C78F2C3}"
EndProject
Project("{FAE04EC0-301F-11D3-BF4B-00C04F79EFBC}") = "Store.Web.Contractors", "presentation\Store.Web.Contractors\Store.Web.Contractors.csproj", "{A98690F4-9258-40CA-A2B4-8286C15D0A40}"
EndProject
Project("{2150E333-8FDC-42A3-9474-1A3956D46DE8}") = "plugins", "plugins", "{FF24555B-80E2-404F-B092-F30DC96FDBE0}"
EndProject
Project("{FAE04EC0-301F-11D3-BF4B-00C04F79EFBC}") = "Store.YandexKassa", "plugins\Store.YandexKassa\Store.YandexKassa.csproj", "{F64F65E5-5CC5-4094-848B-CBBC1D1D2D42}"
EndProject
Global
	GlobalSection(SolutionConfigurationPlatforms) = preSolution
		Debug|Any CPU = Debug|Any CPU
		Debug|x64 = Debug|x64
		Debug|x86 = Debug|x86
		Release|Any CPU = Release|Any CPU
		Release|x64 = Release|x64
		Release|x86 = Release|x86
	EndGlobalSection
	GlobalSection(ProjectConfigurationPlatforms) = postSolution
		{E3FD3071-840E-4A38-A3CD-C053136B2085}.Debug|Any CPU.ActiveCfg = Debug|Any CPU
		{E3FD3071-840E-4A38-A3CD-C053136B2085}.Debug|Any CPU.Build.0 = Debug|Any CPU
		{E3FD3071-840E-4A38-A3CD-C053136B2085}.Debug|x64.ActiveCfg = Debug|Any CPU
		{E3FD3071-840E-4A38-A3CD-C053136B2085}.Debug|x64.Build.0 = Debug|Any CPU
		{E3FD3071-840E-4A38-A3CD-C053136B2085}.Debug|x86.ActiveCfg = Debug|Any CPU
		{E3FD3071-840E-4A38-A3CD-C053136B2085}.Debug|x86.Build.0 = Debug|Any CPU
		{E3FD3071-840E-4A38-A3CD-C053136B2085}.Release|Any CPU.ActiveCfg = Release|Any CPU
		{E3FD3071-840E-4A38-A3CD-C053136B2085}.Release|Any CPU.Build.0 = Release|Any CPU
		{E3FD3071-840E-4A38-A3CD-C053136B2085}.Release|x64.ActiveCfg = Release|Any CPU
		{E3FD3071-840E-4A38-A3CD-C053136B2085}.Release|x64.Build.0 = Release|Any CPU
		{E3FD3071-840E-4A38-A3CD-C053136B2085}.Release|x86.ActiveCfg = Release|Any CPU
		{E3FD3071-840E-4A38-A3CD-C053136B2085}.Release|x86.Build.0 = Release|Any CPU
		{C73BF45A-A52D-421A-A09C-59661022564D}.Debug|Any CPU.ActiveCfg = Debug|Any CPU
		{C73BF45A-A52D-421A-A09C-59661022564D}.Debug|Any CPU.Build.0 = Debug|Any CPU
		{C73BF45A-A52D-421A-A09C-59661022564D}.Debug|x64.ActiveCfg = Debug|Any CPU
		{C73BF45A-A52D-421A-A09C-59661022564D}.Debug|x64.Build.0 = Debug|Any CPU
		{C73BF45A-A52D-421A-A09C-59661022564D}.Debug|x86.ActiveCfg = Debug|Any CPU
		{C73BF45A-A52D-421A-A09C-59661022564D}.Debug|x86.Build.0 = Debug|Any CPU
		{C73BF45A-A52D-421A-A09C-59661022564D}.Release|Any CPU.ActiveCfg = Release|Any CPU
		{C73BF45A-A52D-421A-A09C-59661022564D}.Release|Any CPU.Build.0 = Release|Any CPU
		{C73BF45A-A52D-421A-A09C-59661022564D}.Release|x64.ActiveCfg = Release|Any CPU
		{C73BF45A-A52D-421A-A09C-59661022564D}.Release|x64.Build.0 = Release|Any CPU
		{C73BF45A-A52D-421A-A09C-59661022564D}.Release|x86.ActiveCfg = Release|Any CPU
		{C73BF45A-A52D-421A-A09C-59661022564D}.Release|x86.Build.0 = Release|Any CPU
		{8FC30FB8-7A6C-4FD6-AC39-C3C504713EC6}.Debug|Any CPU.ActiveCfg = Debug|Any CPU
		{8FC30FB8-7A6C-4FD6-AC39-C3C504713EC6}.Debug|Any CPU.Build.0 = Debug|Any CPU
		{8FC30FB8-7A6C-4FD6-AC39-C3C504713EC6}.Debug|x64.ActiveCfg = Debug|Any CPU
		{8FC30FB8-7A6C-4FD6-AC39-C3C504713EC6}.Debug|x64.Build.0 = Debug|Any CPU
		{8FC30FB8-7A6C-4FD6-AC39-C3C504713EC6}.Debug|x86.ActiveCfg = Debug|Any CPU
		{8FC30FB8-7A6C-4FD6-AC39-C3C504713EC6}.Debug|x86.Build.0 = Debug|Any CPU
		{8FC30FB8-7A6C-4FD6-AC39-C3C504713EC6}.Release|Any CPU.ActiveCfg = Release|Any CPU
		{8FC30FB8-7A6C-4FD6-AC39-C3C504713EC6}.Release|Any CPU.Build.0 = Release|Any CPU
		{8FC30FB8-7A6C-4FD6-AC39-C3C504713EC6}.Release|x64.ActiveCfg = Release|Any CPU
		{8FC30FB8-7A6C-4FD6-AC39-C3C504713EC6}.Release|x64.Build.0 = Release|Any CPU
		{8FC30FB8-7A6C-4FD6-AC39-C3C504713EC6}.Release|x86.ActiveCfg = Release|Any CPU
		{8FC30FB8-7A6C-4FD6-AC39-C3C504713EC6}.Release|x86.Build.0 = Release|Any CPU
		{813B4CB6-74D5-4BB6-A687-DC925C78F2C3}.Debug|Any CPU.ActiveCfg = Debug|Any CPU
		{813B4CB6-74D5-4BB6-A687-DC925C78F2C3}.Debug|Any CPU.Build.0 = Debug|Any CPU
		{813B4CB6-74D5-4BB6-A687-DC925C78F2C3}.Debug|x64.ActiveCfg = Debug|Any CPU
		{813B4CB6-74D5-4BB6-A687-DC925C78F2C3}.Debug|x64.Build.0 = Debug|Any CPU
		{813B4CB6-74D5-4BB6-A687-DC925C78F2C3}.Debug|x86.ActiveCfg = Debug|Any CPU
		{813B4CB6-74D5-4BB6-A687-DC925C78F2C3}.Debug|x86.Build.0 = Debug|Any CPU
		{813B4CB6-74D5-4BB6-A687-DC925C78F2C3}.Release|Any CPU.ActiveCfg = Release|Any CPU
		{813B4CB6-74D5-4BB6-A687-DC925C78F2C3}.Release|Any CPU.Build.0 = Release|Any CPU
		{813B4CB6-74D5-4BB6-A687-DC925C78F2C3}.Release|x64.ActiveCfg = Release|Any CPU
		{813B4CB6-74D5-4BB6-A687-DC925C78F2C3}.Release|x64.Build.0 = Release|Any CPU
		{813B4CB6-74D5-4BB6-A687-DC925C78F2C3}.Release|x86.ActiveCfg = Release|Any CPU
		{813B4CB6-74D5-4BB6-A687-DC925C78F2C3}.Release|x86.Build.0 = Release|Any CPU
		{A98690F4-9258-40CA-A2B4-8286C15D0A40}.Debug|Any CPU.ActiveCfg = Debug|Any CPU
		{A98690F4-9258-40CA-A2B4-8286C15D0A40}.Debug|Any CPU.Build.0 = Debug|Any CPU
		{A98690F4-9258-40CA-A2B4-8286C15D0A40}.Debug|x64.ActiveCfg = Debug|Any CPU
		{A98690F4-9258-40CA-A2B4-8286C15D0A40}.Debug|x64.Build.0 = Debug|Any CPU
		{A98690F4-9258-40CA-A2B4-8286C15D0A40}.Debug|x86.ActiveCfg = Debug|Any CPU
		{A98690F4-9258-40CA-A2B4-8286C15D0A40}.Debug|x86.Build.0 = Debug|Any CPU
		{A98690F4-9258-40CA-A2B4-8286C15D0A40}.Release|Any CPU.ActiveCfg = Release|Any CPU
		{A98690F4-9258-40CA-A2B4-8286C15D0A40}.Release|Any CPU.Build.0 = Release|Any CPU
		{A98690F4-9258-40CA-A2B4-8286C15D0A40}.Release|x64.ActiveCfg = Release|Any CPU
		{A98690F4-9258-40CA-A2B4-8286C15D0A40}.Release|x64.Build.0 = Release|Any CPU
		{A98690F4-9258-40CA-A2B4-8286C15D0A40}.Release|x86.ActiveCfg = Release|Any CPU
		{A98690F4-9258-40CA-A2B4-8286C15D0A40}.Release|x86.Build.0 = Release|Any CPU
		{F64F65E5-5CC5-4094-848B-CBBC1D1D2D42}.Debug|Any CPU.ActiveCfg = Debug|Any CPU
		{F64F65E5-5CC5-4094-848B-CBBC1D1D2D42}.Debug|Any CPU.Build.0 = Debug|Any CPU
		{F64F65E5-5CC5-4094-848B-CBBC1D1D2D42}.Debug|x64.ActiveCfg = Debug|Any CPU
		{F64F65E5-5CC5-4094-848B-CBBC1D1D2D42}.Debug|x64.Build.0 = Debug|Any CPU
		{F64F65E5-5CC5-4094-848B-CBBC1D1D2D42}.Debug|x86.ActiveCfg = Debug|Any CPU
		{F64F65E5-5CC5-4094-848B-CBBC1D1D2D42}.Debug|x86.Build.0 = Debug|Any CPU
		{F64F65E5-5CC5-4094-848B-CBBC1D1D2D42}.Release|Any CPU.ActiveCfg = Release|Any CPU
		{F64F65E5-5CC5-4094-848B-CBBC1D1D2D42}.Release|Any CPU.Build.0 = Release|Any CPU
		{F64F65E5-5CC5-4094-848B-CBBC1D1D2D42}.Release|x64.ActiveCfg = Release|Any CPU
		{F64F65E5-5CC5-4094-848B-CBBC1D1D2D42}.Release|x64.Build.0 = Release|Any CPU
		{F64F65E5-5CC5-4094-848B-CBBC1D1D2D42}.Release|x86.ActiveCfg = Release|Any CPU
		{F64F65E5-5CC5-4094-848B-CBBC1D1D2D42}.Release|x86.Build.0 = Release|Any CPU
	EndGlobalSection
	GlobalSection(SolutionProperties) = preSolution
		HideSolutionNode = FALSE
	EndGlobalSection
	GlobalSection(NestedProjects) = preSolution
		{E3FD3071-840E-4A38-A3CD-C053136B2085} = {4529B0C4-1C76-4A75-A42C-5060173F228F}
		{C73BF45A-A52D-421A-A09C-59661022564D} = {64C611DC-EED6-41E4-9EA9-718242787799}
		{8FC30FB8-7A6C-4FD6-AC39-C3C504713EC6} = {4C6F5230-7D22-4F73-8C51-26D5C4C7E887}
		{813B4CB6-74D5-4BB6-A687-DC925C78F2C3} = {64C611DC-EED6-41E4-9EA9-718242787799}
		{A98690F4-9258-40CA-A2B4-8286C15D0A40} = {4C6F5230-7D22-4F73-8C51-26D5C4C7E887}
		{F64F65E5-5CC5-4094-848B-CBBC1D1D2D42} = {FF24555B-80E2-404F-B092-F30DC96FDBE0}
	EndGlobalSection
	GlobalSection(ExtensibilityGlobals) = postSolution
		SolutionGuid = {727604C5-75AB-4F43-BDD2-4D98F5A1ABB2}
	EndGlobalSection
EndGlobal
